# This file is autogenerated, do not edit; changes may be undone by the next 'dep ensure'.


[[projects]]
  name = "github.com/Unknwon/com"
  packages = ["."]
  revision = "41959bdd855fb7db467f78865d5f9044507df1cd"
  version = "v2"

[[projects]]
  name = "github.com/aws/aws-sdk-go"
  packages = [
    "aws",
    "aws/arn",
    "aws/awserr",
    "aws/awsutil",
    "aws/client",
    "aws/client/metadata",
    "aws/corehandlers",
    "aws/credentials",
    "aws/credentials/ec2rolecreds",
    "aws/credentials/endpointcreds",
    "aws/credentials/processcreds",
    "aws/credentials/stscreds",
    "aws/crr",
    "aws/csm",
    "aws/defaults",
    "aws/ec2metadata",
    "aws/endpoints",
    "aws/request",
    "aws/session",
    "aws/signer/v4",
    "internal/ini",
    "internal/s3err",
    "internal/sdkio",
    "internal/sdkrand",
    "internal/sdkuri",
    "internal/shareddefaults",
    "private/protocol",
    "private/protocol/ec2query",
    "private/protocol/eventstream",
    "private/protocol/eventstream/eventstreamapi",
    "private/protocol/json/jsonutil",
    "private/protocol/jsonrpc",
    "private/protocol/query",
    "private/protocol/query/queryutil",
    "private/protocol/rest",
    "private/protocol/restjson",
    "private/protocol/restxml",
    "private/protocol/xml/xmlutil",
    "private/signer/v2",
    "service/acm",
    "service/acmpca",
    "service/apigateway",
    "service/apigatewayv2",
    "service/applicationautoscaling",
    "service/appmesh",
    "service/appsync",
    "service/athena",
    "service/autoscaling",
    "service/backup",
    "service/batch",
    "service/budgets",
    "service/cloud9",
    "service/cloudformation",
    "service/cloudfront",
    "service/cloudhsmv2",
    "service/cloudsearch",
    "service/cloudtrail",
    "service/cloudwatch",
    "service/cloudwatchevents",
    "service/cloudwatchlogs",
    "service/codebuild",
    "service/codecommit",
    "service/codedeploy",
    "service/codepipeline",
    "service/cognitoidentity",
    "service/cognitoidentityprovider",
    "service/configservice",
    "service/costandusagereportservice",
    "service/databasemigrationservice",
    "service/datapipeline",
    "service/datasync",
    "service/dax",
    "service/devicefarm",
    "service/directconnect",
    "service/directoryservice",
    "service/dlm",
    "service/docdb",
    "service/dynamodb",
    "service/ec2",
    "service/ecr",
    "service/ecs",
    "service/efs",
    "service/eks",
    "service/elasticache",
    "service/elasticbeanstalk",
    "service/elasticsearchservice",
    "service/elastictranscoder",
    "service/elb",
    "service/elbv2",
    "service/emr",
    "service/firehose",
    "service/fms",
    "service/fsx",
    "service/gamelift",
    "service/glacier",
    "service/globalaccelerator",
    "service/glue",
    "service/guardduty",
    "service/iam",
    "service/inspector",
    "service/iot",
    "service/kafka",
    "service/kinesis",
    "service/kinesisanalytics",
    "service/kinesisanalyticsv2",
    "service/kms",
    "service/lambda",
    "service/lexmodelbuildingservice",
    "service/licensemanager",
    "service/lightsail",
    "service/macie",
    "service/mediaconnect",
    "service/mediaconvert",
    "service/medialive",
    "service/mediapackage",
    "service/mediastore",
    "service/mediastoredata",
    "service/mq",
    "service/neptune",
    "service/opsworks",
    "service/organizations",
    "service/pinpoint",
    "service/pricing",
    "service/ram",
    "service/rds",
    "service/redshift",
    "service/resourcegroups",
    "service/route53",
    "service/route53resolver",
    "service/s3",
    "service/s3control",
    "service/sagemaker",
    "service/secretsmanager",
    "service/securityhub",
    "service/serverlessapplicationrepository",
    "service/servicecatalog",
    "service/servicediscovery",
    "service/ses",
    "service/sfn",
    "service/shield",
    "service/simpledb",
    "service/sns",
    "service/sqs",
    "service/ssm",
    "service/storagegateway",
    "service/sts",
    "service/swf",
    "service/transfer",
    "service/waf",
    "service/wafregional",
    "service/worklink",
    "service/workspaces"
  ]
  revision = "754d07f5dfb0a42be29df8da4a5428a321377cb3"
  version = "v1.17.11"

[[projects]]
  name = "github.com/beevik/etree"
  packages = ["."]
  revision = "8aee6516be3b1163bb6450c35c50e4969e3a3aa8"
  version = "v1.1.0"

[[projects]]
  branch = "master"
  name = "github.com/c4milo/gotoolkit"
  packages = ["."]
  revision = "e37eeabad07ed8fbe83a0b222c963c480394f033"

[[projects]]
  name = "github.com/coreos/go-semver"
  packages = ["semver"]
  revision = "8ab6407b697782a06568d4b7f1db25550ec2e4c6"
  version = "v0.2.0"

[[projects]]
  name = "github.com/coreos/go-systemd"
  packages = ["unit"]
  revision = "95778dfbb74eb7e4dbaf43bf7d71809650ef8076"
  version = "v19"

[[projects]]
  name = "github.com/coreos/ignition"
  packages = [
    "config/errors",
    "config/v2_1/types",
    "config/validate/report"
  ]
  revision = "bd3876b8f1d627625fe266a0e35256ba05e664e3"
  version = "v0.23.0"

[[projects]]
  name = "github.com/davecgh/go-spew"
  packages = ["spew"]
  revision = "8991bc29aa16c548c550c7ff78260e27b9ab7c73"
  version = "v1.1.1"

[[projects]]
  name = "github.com/dmacvicar/terraform-provider-libvirt"
  packages = ["libvirt"]
  revision = "2ad0228349b2d3b487a2ada25d1a0eb40d73b7d1"

[[projects]]
  name = "github.com/gogo/protobuf"
  packages = [
    "proto",
    "sortkeys"
  ]
  revision = "ba06b47c162d49f2af050fb4c75bcbc86a159d5c"
  version = "v1.2.1"

[[projects]]
  branch = "master"
  name = "github.com/google/gofuzz"
  packages = ["."]
  revision = "24818f796faf91cd76ec7bddd72458fbced7a6c1"

[[projects]]
  name = "github.com/gophercloud/gophercloud"
  packages = [
    ".",
    "internal",
    "openstack",
    "openstack/baremetal/noauth",
    "openstack/baremetal/v1/nodes",
    "openstack/baremetal/v1/ports",
    "openstack/blockstorage/extensions/volumeactions",
    "openstack/blockstorage/v1/volumes",
    "openstack/blockstorage/v2/snapshots",
    "openstack/blockstorage/v2/volumes",
    "openstack/blockstorage/v3/snapshots",
    "openstack/blockstorage/v3/volumes",
    "openstack/compute/v2/extensions/attachinterfaces",
    "openstack/compute/v2/extensions/availabilityzones",
    "openstack/compute/v2/extensions/bootfromvolume",
    "openstack/compute/v2/extensions/floatingips",
    "openstack/compute/v2/extensions/keypairs",
    "openstack/compute/v2/extensions/schedulerhints",
    "openstack/compute/v2/extensions/secgroups",
    "openstack/compute/v2/extensions/servergroups",
    "openstack/compute/v2/extensions/startstop",
    "openstack/compute/v2/extensions/tenantnetworks",
    "openstack/compute/v2/extensions/volumeattach",
    "openstack/compute/v2/flavors",
    "openstack/compute/v2/images",
    "openstack/compute/v2/servers",
    "openstack/containerinfra/v1/clusters",
    "openstack/containerinfra/v1/clustertemplates",
    "openstack/db/v1/configurations",
    "openstack/db/v1/databases",
    "openstack/db/v1/datastores",
    "openstack/db/v1/instances",
    "openstack/db/v1/users",
    "openstack/dns/v2/recordsets",
    "openstack/dns/v2/zones",
    "openstack/identity/v2/tenants",
    "openstack/identity/v2/tokens",
    "openstack/identity/v3/endpoints",
    "openstack/identity/v3/groups",
    "openstack/identity/v3/projects",
    "openstack/identity/v3/roles",
    "openstack/identity/v3/services",
    "openstack/identity/v3/tokens",
    "openstack/identity/v3/users",
    "openstack/imageservice/v2/imagedata",
    "openstack/imageservice/v2/images",
    "openstack/networking/v2/extensions/attributestags",
    "openstack/networking/v2/extensions/external",
    "openstack/networking/v2/extensions/extradhcpopts",
    "openstack/networking/v2/extensions/fwaas/firewalls",
    "openstack/networking/v2/extensions/fwaas/policies",
    "openstack/networking/v2/extensions/fwaas/routerinsertion",
    "openstack/networking/v2/extensions/fwaas/rules",
    "openstack/networking/v2/extensions/layer3/addressscopes",
    "openstack/networking/v2/extensions/layer3/floatingips",
    "openstack/networking/v2/extensions/layer3/routers",
    "openstack/networking/v2/extensions/lbaas/members",
    "openstack/networking/v2/extensions/lbaas/monitors",
    "openstack/networking/v2/extensions/lbaas/pools",
    "openstack/networking/v2/extensions/lbaas/vips",
    "openstack/networking/v2/extensions/lbaas_v2/l7policies",
    "openstack/networking/v2/extensions/lbaas_v2/listeners",
    "openstack/networking/v2/extensions/lbaas_v2/loadbalancers",
    "openstack/networking/v2/extensions/lbaas_v2/monitors",
    "openstack/networking/v2/extensions/lbaas_v2/pools",
    "openstack/networking/v2/extensions/provider",
    "openstack/networking/v2/extensions/security/groups",
    "openstack/networking/v2/extensions/security/rules",
    "openstack/networking/v2/extensions/subnetpools",
    "openstack/networking/v2/extensions/trunks",
    "openstack/networking/v2/extensions/vlantransparent",
    "openstack/networking/v2/extensions/vpnaas/endpointgroups",
    "openstack/networking/v2/extensions/vpnaas/ikepolicies",
    "openstack/networking/v2/extensions/vpnaas/ipsecpolicies",
    "openstack/networking/v2/extensions/vpnaas/services",
    "openstack/networking/v2/extensions/vpnaas/siteconnections",
    "openstack/networking/v2/networks",
    "openstack/networking/v2/ports",
    "openstack/networking/v2/subnets",
    "openstack/objectstorage/v1/accounts",
    "openstack/objectstorage/v1/containers",
    "openstack/objectstorage/v1/objects",
    "openstack/objectstorage/v1/swauth",
    "openstack/sharedfilesystems/v2/errors",
    "openstack/sharedfilesystems/v2/messages",
    "openstack/sharedfilesystems/v2/securityservices",
    "openstack/sharedfilesystems/v2/sharenetworks",
    "openstack/sharedfilesystems/v2/shares",
    "openstack/sharedfilesystems/v2/snapshots",
    "openstack/utils",
    "pagination"
  ]
  revision = "ff9851476e985a4f27ed846d6babd7b24b763da5"

[[projects]]
  branch = "master"
  name = "github.com/gophercloud/utils"
  packages = [
    "openstack/baremetal/v1/nodes",
    "openstack/clientconfig"
  ]
  revision = "0bcc8e728cb54c9dce9ed46924688b817ab14f31"

[[projects]]
  name = "github.com/hashicorp/aws-sdk-go-base"
  packages = ["."]
  revision = "51281492b48141180c0d50b814d73b7d438872db"
  version = "v0.3.0"

[[projects]]
  name = "github.com/hashicorp/errwrap"
  packages = ["."]
  revision = "8a6fb523712970c966eefc6b39ed2c5e74880354"
  version = "v1.0.0"

[[projects]]
  name = "github.com/hashicorp/go-cleanhttp"
  packages = ["."]
  revision = "eda1e5db218aad1db63ca4642c8906b26bcf2744"
  version = "v0.5.1"

[[projects]]
  name = "github.com/hashicorp/go-multierror"
  packages = ["."]
  revision = "886a7fbe3eb1c874d46f623bfa70af45f425b3d1"
  version = "v1.0.0"

[[projects]]
  name = "github.com/hashicorp/go-version"
  packages = ["."]
  revision = "d40cf49b3a77bba84a7afdbd7f1dc295d114efb1"
  version = "v1.1.0"

[[projects]]
  name = "github.com/hooklift/iso9660"
  packages = ["."]
  revision = "d6245ab24065917ac16be2ff10ddd3934f41fe54"
  version = "v1.0.0"

[[projects]]
  name = "github.com/jen20/awspolicyequivalence"
  packages = ["."]
  revision = "9ebbf3c225b2b9da629263e13c3015a5de7965d1"
  version = "v1.0.0"

[[projects]]
  name = "github.com/jmespath/go-jmespath"
  packages = ["."]
  revision = "c2b33e84"

[[projects]]
  name = "github.com/kubernetes-sigs/aws-iam-authenticator"
  packages = [
    "pkg/arn",
    "pkg/token"
  ]
  revision = "b4db1968bf8e9de634dc3e31baffc6dc3b000ee6"
  version = "0.4.0-alpha"

[[projects]]
  name = "github.com/libvirt/libvirt-go-xml"
  packages = ["."]
  revision = "559807130d581fac8a790d43176ca2639da8c08d"
  version = "v5.1.0"

[[projects]]
  name = "github.com/mitchellh/copystructure"
  packages = ["."]
  revision = "9a1b6f44e8da0e0e374624fb0a825a231b00c537"
  version = "v1.0.0"

[[projects]]
  name = "github.com/mitchellh/go-homedir"
  packages = ["."]
  revision = "af06845cf3004701891bf4fdb884bfe4920b3727"
  version = "v1.1.0"

[[projects]]
  name = "github.com/mitchellh/mapstructure"
  packages = ["."]
  revision = "3536a929edddb9a5b34bd6861dc4a9647cb459fe"
  version = "v1.1.2"

[[projects]]
  name = "github.com/mitchellh/packer"
  packages = ["common/uuid"]
  revision = "542cb1d872b4fbba57f34ebb5913a266017a38df"
  version = "v1.3.5"

[[projects]]
  name = "github.com/mitchellh/reflectwalk"
  packages = ["."]
  revision = "eecee6c969c02c8cc2ae48e1e269843ae8590796"
  version = "v1.0.0"

[[projects]]
  name = "github.com/openshift-metalkube/terraform-provider-ironic"
  packages = ["ironic"]
  revision = "7cf70fc4ddaffb3e3351905e7892e40463cecae2"

[[projects]]
  name = "github.com/terraform-providers/terraform-provider-aws"
  packages = ["aws"]
  revision = "3cf16f8b1a1386f7f046ae40fa397e902efd4839"
  version = "v2.2.0"

[[projects]]
  name = "github.com/terraform-providers/terraform-provider-ignition"
  packages = ["ignition"]
  revision = "3168afa8c74263515839d645ec9b819d21fc20f0"
  version = "v1.0.1"

[[projects]]
  name = "github.com/terraform-providers/terraform-provider-openstack"
  packages = ["openstack"]
  revision = "c3ed4eb64be2b0e31f560a3118e72deafd750e1b"
  version = "v1.16.0"

[[projects]]
  branch = "master"
  name = "github.com/vincent-petithory/dataurl"
  packages = ["."]
  revision = "9a301d65acbb728fcc3ace14f45f511a4cfeea9c"

[[projects]]
  branch = "master"
  name = "golang.org/x/net"
  packages = [
    "http/httpguts",
    "http2",
    "http2/hpack",
    "idna"
  ]
  revision = "15845e8f865bdabdefb6e7da65b4d9e8de5e94ef"

[[projects]]
  name = "golang.org/x/text"
  packages = [
    "collate",
    "collate/build",
    "internal/colltab",
    "internal/gen",
    "internal/tag",
    "internal/triegen",
    "internal/ucd",
    "language",
    "secure/bidirule",
    "transform",
    "unicode/bidi",
    "unicode/cldr",
    "unicode/norm",
    "unicode/rangetable"
  ]
  revision = "f21a4dfb5e38f5895301dc265a8def02365cc3d0"
  version = "v0.3.0"

[[projects]]
  name = "gopkg.in/inf.v0"
  packages = ["."]
  revision = "d2d2541c53f18d2a059457998ce2876cc8e67cbf"
  version = "v0.9.1"

[[projects]]
  name = "gopkg.in/yaml.v2"
  packages = ["."]
  revision = "51d6538a90f86fe93ac480b35f37b2be17fef232"
  version = "v2.2.2"

[[projects]]
  branch = "master"
  name = "k8s.io/apimachinery"
  packages = [
    "pkg/api/resource",
    "pkg/apis/meta/v1",
    "pkg/conversion",
    "pkg/conversion/queryparams",
    "pkg/fields",
    "pkg/labels",
    "pkg/runtime",
    "pkg/runtime/schema",
    "pkg/selection",
    "pkg/types",
    "pkg/util/errors",
    "pkg/util/intstr",
    "pkg/util/json",
    "pkg/util/naming",
    "pkg/util/net",
    "pkg/util/runtime",
    "pkg/util/sets",
    "pkg/util/validation",
    "pkg/util/validation/field",
    "pkg/watch",
    "third_party/forked/golang/reflect"
  ]
  revision = "7b3d41122501114701f8d013ea1d9533f60c5dd5"

[[projects]]
  name = "k8s.io/client-go"
  packages = [
    "pkg/apis/clientauthentication",
    "pkg/apis/clientauthentication/v1alpha1"
  ]
  revision = "e64494209f554a6723674bd494d69445fb76a1d4"
  version = "v10.0.0"

[[projects]]
  name = "k8s.io/klog"
  packages = ["."]
  revision = "71442cd4037d612096940ceb0f3fec3f7fff66e0"
  version = "v0.2.0"

[solve-meta]
  analyzer-name = "dep"
  analyzer-version = 1
  inputs-digest = "cfb9644ebe7861c2f9c239b6e4afeec8e375ccb8f765b15b6c01738c430b612b"
  solver-name = "gps-cdcl"
  solver-version = 1
