# This file is autogenerated, do not edit; changes may be undone by the next 'dep ensure'.


[[projects]]
  name = "github.com/Unknwon/com"
  packages = ["."]
  revision = "41959bdd855fb7db467f78865d5f9044507df1cd"
  version = "v2"

[[projects]]
  name = "github.com/aws/aws-sdk-go"
  packages = [
    "aws",
    "aws/arn",
    "aws/awserr",
    "aws/awsutil",
    "aws/client",
    "aws/client/metadata",
    "aws/corehandlers",
    "aws/credentials",
    "aws/credentials/ec2rolecreds",
    "aws/credentials/endpointcreds",
    "aws/credentials/processcreds",
    "aws/credentials/stscreds",
    "aws/crr",
    "aws/csm",
    "aws/defaults",
    "aws/ec2metadata",
    "aws/endpoints",
    "aws/request",
    "aws/session",
    "aws/signer/v4",
    "internal/ini",
    "internal/s3err",
    "internal/sdkio",
    "internal/sdkrand",
    "internal/sdkuri",
    "internal/shareddefaults",
    "private/protocol",
    "private/protocol/ec2query",
    "private/protocol/eventstream",
    "private/protocol/eventstream/eventstreamapi",
    "private/protocol/json/jsonutil",
    "private/protocol/jsonrpc",
    "private/protocol/query",
    "private/protocol/query/queryutil",
    "private/protocol/rest",
    "private/protocol/restjson",
    "private/protocol/restxml",
    "private/protocol/xml/xmlutil",
    "private/signer/v2",
    "service/acm",
    "service/acmpca",
    "service/apigateway",
    "service/applicationautoscaling",
    "service/appmesh",
    "service/appsync",
    "service/athena",
    "service/autoscaling",
    "service/batch",
    "service/budgets",
    "service/cloud9",
    "service/cloudformation",
    "service/cloudfront",
    "service/cloudhsmv2",
    "service/cloudtrail",
    "service/cloudwatch",
    "service/cloudwatchevents",
    "service/cloudwatchlogs",
    "service/codebuild",
    "service/codecommit",
    "service/codedeploy",
    "service/codepipeline",
    "service/cognitoidentity",
    "service/cognitoidentityprovider",
    "service/configservice",
    "service/databasemigrationservice",
    "service/datasync",
    "service/dax",
    "service/devicefarm",
    "service/directconnect",
    "service/directoryservice",
    "service/dlm",
    "service/dynamodb",
    "service/ec2",
    "service/ecr",
    "service/ecs",
    "service/efs",
    "service/eks",
    "service/elasticache",
    "service/elasticbeanstalk",
    "service/elasticsearchservice",
    "service/elastictranscoder",
    "service/elb",
    "service/elbv2",
    "service/emr",
    "service/firehose",
    "service/fms",
    "service/gamelift",
    "service/glacier",
    "service/glue",
    "service/guardduty",
    "service/iam",
    "service/inspector",
    "service/iot",
    "service/kinesis",
    "service/kinesisanalytics",
    "service/kms",
    "service/lambda",
    "service/lexmodelbuildingservice",
    "service/lightsail",
    "service/macie",
    "service/mediastore",
    "service/mq",
    "service/neptune",
    "service/opsworks",
    "service/organizations",
    "service/pinpoint",
    "service/pricing",
    "service/rds",
    "service/redshift",
    "service/route53",
    "service/s3",
    "service/secretsmanager",
    "service/securityhub",
    "service/servicecatalog",
    "service/servicediscovery",
    "service/ses",
    "service/sfn",
    "service/simpledb",
    "service/sns",
    "service/sqs",
    "service/ssm",
    "service/storagegateway",
    "service/sts",
    "service/swf",
    "service/transfer",
    "service/waf",
    "service/wafregional",
    "service/workspaces"
  ]
  revision = "5f1ca23f3ded773a9ba214e6fac36acd9a965a53"
  version = "v1.16.6"

[[projects]]
  name = "github.com/beevik/etree"
  packages = ["."]
  revision = "9d7e8feddccb4ed1b8afb54e368bd323d2ff652c"
  version = "v1.0.1"

[[projects]]
  branch = "master"
  name = "github.com/c4milo/gotoolkit"
  packages = ["."]
  revision = "e37eeabad07ed8fbe83a0b222c963c480394f033"

[[projects]]
  name = "github.com/coreos/go-semver"
  packages = ["semver"]
  revision = "8ab6407b697782a06568d4b7f1db25550ec2e4c6"
  version = "v0.2.0"

[[projects]]
  name = "github.com/coreos/go-systemd"
  packages = ["unit"]
  revision = "9002847aa1425fb6ac49077c0a630b3b67e0fbfd"
  version = "v18"

[[projects]]
  name = "github.com/coreos/ignition"
  packages = [
    "config/errors",
    "config/v2_1/types",
    "config/validate/report"
  ]
  revision = "bd3876b8f1d627625fe266a0e35256ba05e664e3"
  version = "v0.23.0"

[[projects]]
  name = "github.com/davecgh/go-spew"
  packages = ["spew"]
  revision = "8991bc29aa16c548c550c7ff78260e27b9ab7c73"
  version = "v1.1.1"

[[projects]]
  name = "github.com/dmacvicar/terraform-provider-libvirt"
  packages = ["libvirt"]
  revision = "2ad0228349b2d3b487a2ada25d1a0eb40d73b7d1"

[[projects]]
  name = "github.com/gophercloud/gophercloud"
  packages = [
    ".",
    "internal",
    "openstack",
    "openstack/baremetal/noauth",
    "openstack/baremetal/v1/nodes",
    "openstack/baremetal/v1/ports",
    "openstack/blockstorage/extensions/volumeactions",
    "openstack/blockstorage/v1/volumes",
    "openstack/blockstorage/v2/snapshots",
    "openstack/blockstorage/v2/volumes",
    "openstack/blockstorage/v3/snapshots",
    "openstack/blockstorage/v3/volumes",
    "openstack/compute/v2/extensions/attachinterfaces",
    "openstack/compute/v2/extensions/availabilityzones",
    "openstack/compute/v2/extensions/bootfromvolume",
    "openstack/compute/v2/extensions/floatingips",
    "openstack/compute/v2/extensions/keypairs",
    "openstack/compute/v2/extensions/schedulerhints",
    "openstack/compute/v2/extensions/secgroups",
    "openstack/compute/v2/extensions/servergroups",
    "openstack/compute/v2/extensions/startstop",
    "openstack/compute/v2/extensions/tenantnetworks",
    "openstack/compute/v2/extensions/volumeattach",
    "openstack/compute/v2/flavors",
    "openstack/compute/v2/images",
    "openstack/compute/v2/servers",
    "openstack/containerinfra/v1/clusters",
    "openstack/containerinfra/v1/clustertemplates",
    "openstack/db/v1/configurations",
    "openstack/db/v1/databases",
    "openstack/db/v1/datastores",
    "openstack/db/v1/instances",
    "openstack/db/v1/users",
    "openstack/dns/v2/recordsets",
    "openstack/dns/v2/zones",
    "openstack/identity/v2/tenants",
    "openstack/identity/v2/tokens",
    "openstack/identity/v3/endpoints",
    "openstack/identity/v3/groups",
    "openstack/identity/v3/projects",
    "openstack/identity/v3/roles",
    "openstack/identity/v3/services",
    "openstack/identity/v3/tokens",
    "openstack/identity/v3/users",
    "openstack/imageservice/v2/imagedata",
    "openstack/imageservice/v2/images",
    "openstack/networking/v2/extensions/attributestags",
    "openstack/networking/v2/extensions/external",
    "openstack/networking/v2/extensions/extradhcpopts",
    "openstack/networking/v2/extensions/fwaas/firewalls",
    "openstack/networking/v2/extensions/fwaas/policies",
    "openstack/networking/v2/extensions/fwaas/routerinsertion",
    "openstack/networking/v2/extensions/fwaas/rules",
    "openstack/networking/v2/extensions/layer3/addressscopes",
    "openstack/networking/v2/extensions/layer3/floatingips",
    "openstack/networking/v2/extensions/layer3/routers",
    "openstack/networking/v2/extensions/lbaas/members",
    "openstack/networking/v2/extensions/lbaas/monitors",
    "openstack/networking/v2/extensions/lbaas/pools",
    "openstack/networking/v2/extensions/lbaas/vips",
    "openstack/networking/v2/extensions/lbaas_v2/l7policies",
    "openstack/networking/v2/extensions/lbaas_v2/listeners",
    "openstack/networking/v2/extensions/lbaas_v2/loadbalancers",
    "openstack/networking/v2/extensions/lbaas_v2/monitors",
    "openstack/networking/v2/extensions/lbaas_v2/pools",
    "openstack/networking/v2/extensions/provider",
    "openstack/networking/v2/extensions/security/groups",
    "openstack/networking/v2/extensions/security/rules",
    "openstack/networking/v2/extensions/subnetpools",
    "openstack/networking/v2/extensions/trunks",
    "openstack/networking/v2/extensions/vlantransparent",
    "openstack/networking/v2/extensions/vpnaas/endpointgroups",
    "openstack/networking/v2/extensions/vpnaas/ikepolicies",
    "openstack/networking/v2/extensions/vpnaas/ipsecpolicies",
    "openstack/networking/v2/extensions/vpnaas/services",
    "openstack/networking/v2/extensions/vpnaas/siteconnections",
    "openstack/networking/v2/networks",
    "openstack/networking/v2/ports",
    "openstack/networking/v2/subnets",
    "openstack/objectstorage/v1/accounts",
    "openstack/objectstorage/v1/containers",
    "openstack/objectstorage/v1/objects",
    "openstack/objectstorage/v1/swauth",
    "openstack/sharedfilesystems/v2/errors",
    "openstack/sharedfilesystems/v2/messages",
    "openstack/sharedfilesystems/v2/securityservices",
    "openstack/sharedfilesystems/v2/sharenetworks",
    "openstack/sharedfilesystems/v2/shares",
    "openstack/sharedfilesystems/v2/snapshots",
    "openstack/utils",
    "pagination"
  ]
  revision = "ff9851476e985a4f27ed846d6babd7b24b763da5"

[[projects]]
  branch = "master"
  name = "github.com/gophercloud/utils"
  packages = [
    "openstack/baremetal/v1/nodes",
    "openstack/clientconfig"
  ]
  revision = "0bcc8e728cb54c9dce9ed46924688b817ab14f31"

[[projects]]
  name = "github.com/hashicorp/errwrap"
  packages = ["."]
  revision = "8a6fb523712970c966eefc6b39ed2c5e74880354"
  version = "v1.0.0"

[[projects]]
  name = "github.com/hashicorp/go-cleanhttp"
  packages = ["."]
  revision = "e8ab9daed8d1ddd2d3c4efba338fe2eeae2e4f18"
  version = "v0.5.0"

[[projects]]
  name = "github.com/hashicorp/go-multierror"
  packages = ["."]
  revision = "886a7fbe3eb1c874d46f623bfa70af45f425b3d1"
  version = "v1.0.0"

[[projects]]
  name = "github.com/hashicorp/go-version"
  packages = ["."]
  revision = "b5a281d3160aa11950a6182bd9a9dc2cb1e02d50"
  version = "v1.0.0"

[[projects]]
  name = "github.com/hooklift/iso9660"
  packages = ["."]
  revision = "d6245ab24065917ac16be2ff10ddd3934f41fe54"
  version = "v1.0.0"

[[projects]]
  name = "github.com/jen20/awspolicyequivalence"
  packages = ["."]
  revision = "9ebbf3c225b2b9da629263e13c3015a5de7965d1"
  version = "v1.0.0"

[[projects]]
  name = "github.com/jmespath/go-jmespath"
  packages = ["."]
  revision = "c2b33e84"

[[projects]]
  name = "github.com/libvirt/libvirt-go-xml"
  packages = ["."]
  revision = "e0ae6c18e37fe4d1ca4cb65eb3bfb2971838fd95"
  version = "v4.10.0"

[[projects]]
  name = "github.com/mitchellh/copystructure"
  packages = ["."]
  revision = "9a1b6f44e8da0e0e374624fb0a825a231b00c537"
  version = "v1.0.0"

[[projects]]
  name = "github.com/mitchellh/go-homedir"
  packages = ["."]
  revision = "ae18d6b8b3205b561c79e8e5f69bff09736185f4"
  version = "v1.0.0"

[[projects]]
  name = "github.com/mitchellh/mapstructure"
  packages = ["."]
  revision = "3536a929edddb9a5b34bd6861dc4a9647cb459fe"
  version = "v1.1.2"

[[projects]]
  name = "github.com/mitchellh/packer"
  packages = ["common/uuid"]
  revision = "508b6efb4ababd3efa3614033f9529a30970899d"
  version = "v1.3.3"

[[projects]]
  name = "github.com/mitchellh/reflectwalk"
  packages = ["."]
  revision = "eecee6c969c02c8cc2ae48e1e269843ae8590796"
  version = "v1.0.0"

[[projects]]
  name = "github.com/openshift-metalkube/terraform-provider-ironic"
  packages = ["ironic"]
  revision = "7cf70fc4ddaffb3e3351905e7892e40463cecae2"

[[projects]]
  name = "github.com/terraform-providers/terraform-provider-aws"
  packages = ["aws"]
  revision = "ec37d790e2a6eb5a845a2420a6706f1bf0c266ab"
  version = "v1.52.0"

[[projects]]
  name = "github.com/terraform-providers/terraform-provider-ignition"
  packages = ["ignition"]
  revision = "3168afa8c74263515839d645ec9b819d21fc20f0"
  version = "v1.0.1"

[[projects]]
  name = "github.com/terraform-providers/terraform-provider-openstack"
  packages = ["openstack"]
  revision = "c3ed4eb64be2b0e31f560a3118e72deafd750e1b"
  version = "v1.16.0"

[[projects]]
  branch = "master"
  name = "github.com/vincent-petithory/dataurl"
  packages = ["."]
  revision = "9a301d65acbb728fcc3ace14f45f511a4cfeea9c"

[[projects]]
  name = "gopkg.in/yaml.v2"
  packages = ["."]
  revision = "51d6538a90f86fe93ac480b35f37b2be17fef232"
  version = "v2.2.2"

[solve-meta]
  analyzer-name = "dep"
  analyzer-version = 1
  inputs-digest = "0b2ed273dd65856e3345f85aa277c85b4f4e0c7d74a69f911f149d36e09ac3b2"
  solver-name = "gps-cdcl"
  solver-version = 1
